
Microsoft Visual Studio Solution File, Format Version 12.00
# Visual Studio 15
VisualStudioVersion = 15.0.26228.4
MinimumVisualStudioVersion = 10.0.40219.1
Project("{FAE04EC0-301F-11D3-BF4B-00C04F79EFBC}") = "SetYourProxy", "SetYourProxy\SetYourProxy.csproj", "{A9FDB769-73F5-4EDC-8C00-3F4BEF99B696}"
EndProject
Global
	GlobalSection(SolutionConfigurationPlatforms) = preSolution
		Debug|Any CPU = Debug|Any CPU
		Release|Any CPU = Release|Any CPU
	EndGlobalSection
	GlobalSection(ProjectConfigurationPlatforms) = postSolution
		{A9FDB769-73F5-4EDC-8C00-3F4BEF99B696}.Debug|Any CPU.ActiveCfg = Debug|Any CPU
		{A9FDB769-73F5-4EDC-8C00-3F4BEF99B696}.Debug|Any CPU.Build.0 = Debug|Any CPU
		{A9FDB769-73F5-4EDC-8C00-3F4BEF99B696}.Release|Any CPU.ActiveCfg = Release|Any CPU
		{A9FDB769-73F5-4EDC-8C00-3F4BEF99B696}.Release|Any CPU.Build.0 = Release|Any CPU
	EndGlobalSection
	GlobalSection(SolutionProperties) = preSolution
		HideSolutionNode = FALSE
	EndGlobalSection
	GlobalSection(ExtensibilityGlobals) = postSolution
		SolutionGuid = {DD96B150-6A47-43E1-A052-294230BAE270}
	EndGlobalSection
EndGlobal
